
Microsoft Visual Studio Solution File, Format Version 12.00
# Visual Studio Version 17
VisualStudioVersion = 17.0.32126.317
MinimumVisualStudioVersion = 10.0.40219.1
Project("{FAE04EC0-301F-11D3-BF4B-00C04F79EFBC}") = "CannonGameWithGravity", "cannon-game-with-gravity\CannonGameWithGravity.csproj", "{AAE94653-9139-482E-86FC-02113460E717}"
EndProject
Project("{FAE04EC0-301F-11D3-BF4B-00C04F79EFBC}") = "GameEngine", "game-engine\GameEngine.csproj", "{D81BE940-DD3E-4D6C-BB7C-91032781E25D}"
EndProject
Global
	GlobalSection(SolutionConfigurationPlatforms) = preSolution
		Debug|Any CPU = Debug|Any CPU
		Release|Any CPU = Release|Any CPU
	EndGlobalSection
	GlobalSection(ProjectConfigurationPlatforms) = postSolution
		{AAE94653-9139-482E-86FC-02113460E717}.Debug|Any CPU.ActiveCfg = Debug|Any CPU
		{AAE94653-9139-482E-86FC-02113460E717}.Debug|Any CPU.Build.0 = Debug|Any CPU
		{AAE94653-9139-482E-86FC-02113460E717}.Release|Any CPU.ActiveCfg = Release|Any CPU
		{AAE94653-9139-482E-86FC-02113460E717}.Release|Any CPU.Build.0 = Release|Any CPU
		{D81BE940-DD3E-4D6C-BB7C-91032781E25D}.Debug|Any CPU.ActiveCfg = Debug|Any CPU
		{D81BE940-DD3E-4D6C-BB7C-91032781E25D}.Debug|Any CPU.Build.0 = Debug|Any CPU
		{D81BE940-DD3E-4D6C-BB7C-91032781E25D}.Release|Any CPU.ActiveCfg = Release|Any CPU
		{D81BE940-DD3E-4D6C-BB7C-91032781E25D}.Release|Any CPU.Build.0 = Release|Any CPU
	EndGlobalSection
	GlobalSection(SolutionProperties) = preSolution
		HideSolutionNode = FALSE
	EndGlobalSection
	GlobalSection(ExtensibilityGlobals) = postSolution
		SolutionGuid = {8CC678A3-98CB-4E8C-B4F9-7E3231FEAE21}
	EndGlobalSection
EndGlobal
